{
  "name": "playlist_casparcg",
  "version": "1.0.0",
  "lockfileVersion": 1,
  "requires": true,
  "dependencies": {
    "casparcg-connection": {
      "version": "4.7.0",
      "resolved": "https://registry.npmjs.org/casparcg-connection/-/casparcg-connection-4.7.0.tgz",
      "integrity": "sha512-SQW7eiDRKiI2X/6bJACupX8TBt79JGPxCzmcIc+K3EPv/DU1uV6gmKM2pjwvQvBkXrtX+6ruijS6QbtFVzVt3w==",
      "requires": {
        "highland": "^3.0.0-beta.6",
        "xml2js": "^0.4.19",
        "xmlbuilder": "^9.0.7"
      }
    },
    "decimal.js": {
      "version": "10.1.1",
      "resolved": "https://registry.npmjs.org/decimal.js/-/decimal.js-10.1.1.tgz",
      "integrity": "sha512-vEEgyk1fWVEnv7lPjkNedAIjzxQDue5Iw4FeX4UkNUDSVyD/jZTD0Bw2kAO7k6iyyJRAhM9oxxI0D1ET6k0Mmg=="
    },
    "highland": {
      "version": "3.0.0-beta.9",
      "resolved": "https://registry.npmjs.org/highland/-/highland-3.0.0-beta.9.tgz",
      "integrity": "sha512-623vry4wR8hSKY+ne+XHLndi7yw4vUPncCkkPiSAmv/EMDA4qZQoSy4EdV1tRiYbVnvwy04P12TyxQ9clujn5g=="
    },
    "sax": {
      "version": "1.2.4",
      "resolved": "https://registry.npmjs.org/sax/-/sax-1.2.4.tgz",
      "integrity": "sha512-NqVDv9TpANUjFm0N8uM5GxL36UgKi9/atZw+x7YFnQ8ckwFGKrl4xX4yWtrey3UJm5nP1kUbnYgLopqWNSRhWw=="
    },
    "tslib": {
      "version": "1.9.3",
      "resolved": "https://registry.npmjs.org/tslib/-/tslib-1.9.3.tgz",
      "integrity": "sha512-4krF8scpejhaOgqzBEcGM7yDIEfi0/8+8zDRZhNZZ2kjmHJ4hv3zCbQWxoJGz1iw5U0Jl0nma13xzHXcncMavQ=="
    },
    "xml2js": {
      "version": "0.4.19",
      "resolved": "https://registry.npmjs.org/xml2js/-/xml2js-0.4.19.tgz",
      "integrity": "sha512-esZnJZJOiJR9wWKMyuvSE1y6Dq5LCuJanqhxslH2bxM6duahNZ+HMpCLhBQGZkbX6xRf8x1Y2eJlgt2q3qo49Q==",
      "requires": {
        "sax": ">=0.6.0",
        "xmlbuilder": "~9.0.1"
      }
    },
    "xmlbuilder": {
      "version": "9.0.7",
      "resolved": "https://registry.npmjs.org/xmlbuilder/-/xmlbuilder-9.0.7.tgz",
      "integrity": "sha1-Ey7mPS7FVlxVfiD0wi35rKaGsQ0="
    }
  }
}
